dependencies:
- name: gateway-converter
  repository: file://../gateway-converter
  version: v2024.8.30
- name: crd-manager
  repository: file://../crd-manager
  version: v2026.1.15
digest: sha256:6c2a2e21fe3d905bec01d4dd3ea31d1019a898ae289fe3de0b5c77fe4adb17f7
generated: "2026-01-19T19:18:53.0857053+06:00"
