dependencies:
- name: gateway-converter
  repository: file://../gateway-converter
  version: v2024.8.30
- name: crd-manager
  repository: file://../crd-manager
  version: v2026.3.6
digest: sha256:8b9811247c4cd5defa85e424da1b6b581f7db922167fece80d882e131e0e4efc
generated: "2026-03-11T14:40:37.408266+06:00"
