dependencies:
- name: gateway-converter
  repository: file://../gateway-converter
  version: v2024.8.30
- name: crd-manager
  repository: file://../crd-manager
  version: v2026.7.21
digest: sha256:383e2e97a837b7634a35e3093c413dbfd973942245b2a009ac934be5e4918ea7
generated: "2026-07-21T16:04:58.273019182+06:00"
